
Microsoft Visual Studio Solution File, Format Version 12.00
# Visual Studio 15
VisualStudioVersion = 15.0.27004.2002
MinimumVisualStudioVersion = 10.0.40219.1
Project("{FAE04EC0-301F-11D3-BF4B-00C04F79EFBC}") = "U7MVC", "U7MVC\U7MVC.csproj", "{BC64CC23-0D06-46B2-8FD6-9AA17A694200}"
EndProject
Global
	GlobalSection(SolutionConfigurationPlatforms) = preSolution
		Debug|Any CPU = Debug|Any CPU
		Release|Any CPU = Release|Any CPU
	EndGlobalSection
	GlobalSection(ProjectConfigurationPlatforms) = postSolution
		{BC64CC23-0D06-46B2-8FD6-9AA17A694200}.Debug|Any CPU.ActiveCfg = Debug|Any CPU
		{BC64CC23-0D06-46B2-8FD6-9AA17A694200}.Debug|Any CPU.Build.0 = Debug|Any CPU
		{BC64CC23-0D06-46B2-8FD6-9AA17A694200}.Release|Any CPU.ActiveCfg = Release|Any CPU
		{BC64CC23-0D06-46B2-8FD6-9AA17A694200}.Release|Any CPU.Build.0 = Release|Any CPU
	EndGlobalSection
	GlobalSection(SolutionProperties) = preSolution
		HideSolutionNode = FALSE
	EndGlobalSection
	GlobalSection(ExtensibilityGlobals) = postSolution
		SolutionGuid = {508B6EC0-3180-4546-A315-9845934D8B9B}
	EndGlobalSection
EndGlobal
